Microsoft Visual Studio Solution File, Format Version 12.00
# Visual Studio Version 17
VisualStudioVersion = 17.0.31903.59
MinimumVisualStudioVersion = 10.0.40219.1
Project("{FAE04EC0-301F-11D3-BF4B-00C04F79EFBC}") = "Fenestra.App", "src\Fenestra.App\Fenestra.App.csproj", "{7DDC1E2A-893A-41A9-8B1A-D805C6CA453C}"
EndProject
Project("{FAE04EC0-301F-11D3-BF4B-00C04F79EFBC}") = "Fenestra.Server", "src\Fenestra.Server\Fenestra.Server.csproj", "{8BD6A5A5-2B3A-44B4-9C82-8D69010C8351}"
EndProject
Project("{FAE04EC0-301F-11D3-BF4B-00C04F79EFBC}") = "Fenestra.Protocol.X11", "src\Fenestra.Protocol.X11\Fenestra.Protocol.X11.csproj", "{49CB6F86-73FE-4545-BDCE-959BCB3AB3C6}"
EndProject
Project("{FAE04EC0-301F-11D3-BF4B-00C04F79EFBC}") = "Fenestra.Transport", "src\Fenestra.Transport\Fenestra.Transport.csproj", "{B172B3D7-C05A-4172-B56D-98BE47F74314}"
EndProject
Project("{FAE04EC0-301F-11D3-BF4B-00C04F79EFBC}") = "Fenestra.NativeHost.Abstractions", "src\Fenestra.NativeHost.Abstractions\Fenestra.NativeHost.Abstractions.csproj", "{24CA5B4F-102A-4AC6-B5FB-96C2416C8D1B}"
EndProject
Project("{FAE04EC0-301F-11D3-BF4B-00C04F79EFBC}") = "Fenestra.NativeHost.Win32", "src\Fenestra.NativeHost.Win32\Fenestra.NativeHost.Win32.csproj", "{D160B19B-4AD0-474F-966A-E2C09A216E09}"
EndProject
Global
	GlobalSection(SolutionConfigurationPlatforms) = preSolution
		Debug|Any CPU = Debug|Any CPU
		Release|Any CPU = Release|Any CPU
	EndGlobalSection
	GlobalSection(ProjectConfigurationPlatforms) = postSolution
		{7DDC1E2A-893A-41A9-8B1A-D805C6CA453C}.Debug|Any CPU.ActiveCfg = Debug|Any CPU
		{7DDC1E2A-893A-41A9-8B1A-D805C6CA453C}.Debug|Any CPU.Build.0 = Debug|Any CPU
		{7DDC1E2A-893A-41A9-8B1A-D805C6CA453C}.Release|Any CPU.ActiveCfg = Release|Any CPU
		{7DDC1E2A-893A-41A9-8B1A-D805C6CA453C}.Release|Any CPU.Build.0 = Release|Any CPU
		{8BD6A5A5-2B3A-44B4-9C82-8D69010C8351}.Debug|Any CPU.ActiveCfg = Debug|Any CPU
		{8BD6A5A5-2B3A-44B4-9C82-8D69010C8351}.Debug|Any CPU.Build.0 = Debug|Any CPU
		{8BD6A5A5-2B3A-44B4-9C82-8D69010C8351}.Release|Any CPU.ActiveCfg = Release|Any CPU
		{8BD6A5A5-2B3A-44B4-9C82-8D69010C8351}.Release|Any CPU.Build.0 = Release|Any CPU
		{49CB6F86-73FE-4545-BDCE-959BCB3AB3C6}.Debug|Any CPU.ActiveCfg = Debug|Any CPU
		{49CB6F86-73FE-4545-BDCE-959BCB3AB3C6}.Debug|Any CPU.Build.0 = Debug|Any CPU
		{49CB6F86-73FE-4545-BDCE-959BCB3AB3C6}.Release|Any CPU.ActiveCfg = Release|Any CPU
		{49CB6F86-73FE-4545-BDCE-959BCB3AB3C6}.Release|Any CPU.Build.0 = Release|Any CPU
		{B172B3D7-C05A-4172-B56D-98BE47F74314}.Debug|Any CPU.ActiveCfg = Debug|Any CPU
		{B172B3D7-C05A-4172-B56D-98BE47F74314}.Debug|Any CPU.Build.0 = Debug|Any CPU
		{B172B3D7-C05A-4172-B56D-98BE47F74314}.Release|Any CPU.ActiveCfg = Release|Any CPU
		{B172B3D7-C05A-4172-B56D-98BE47F74314}.Release|Any CPU.Build.0 = Release|Any CPU
		{24CA5B4F-102A-4AC6-B5FB-96C2416C8D1B}.Debug|Any CPU.ActiveCfg = Debug|Any CPU
		{24CA5B4F-102A-4AC6-B5FB-96C2416C8D1B}.Debug|Any CPU.Build.0 = Debug|Any CPU
		{24CA5B4F-102A-4AC6-B5FB-96C2416C8D1B}.Release|Any CPU.ActiveCfg = Release|Any CPU
		{24CA5B4F-102A-4AC6-B5FB-96C2416C8D1B}.Release|Any CPU.Build.0 = Release|Any CPU
		{D160B19B-4AD0-474F-966A-E2C09A216E09}.Debug|Any CPU.ActiveCfg = Debug|Any CPU
		{D160B19B-4AD0-474F-966A-E2C09A216E09}.Debug|Any CPU.Build.0 = Debug|Any CPU
		{D160B19B-4AD0-474F-966A-E2C09A216E09}.Release|Any CPU.ActiveCfg = Release|Any CPU
		{D160B19B-4AD0-474F-966A-E2C09A216E09}.Release|Any CPU.Build.0 = Release|Any CPU
	EndGlobalSection
	GlobalSection(SolutionProperties) = preSolution
		HideSolutionNode = FALSE
	EndGlobalSection
EndGlobal
